
Microsoft Visual Studio Solution File, Format Version 12.00
# Visual Studio Version 17
VisualStudioVersion = 17.1.32328.378
MinimumVisualStudioVersion = 10.0.40219.1
Project("{9A19103F-16F7-4668-BE54-9A1E7A4F7556}") = "Pdb_6", "Pdb_6.csproj", "{CBC56EB7-466D-4826-A86B-0BE7E66EEE72}"
EndProject
Global
	GlobalSection(SolutionConfigurationPlatforms) = preSolution
		Debug|Any CPU = Debug|Any CPU
		Release|Any CPU = Release|Any CPU
	EndGlobalSection
	GlobalSection(ProjectConfigurationPlatforms) = postSolution
		{CBC56EB7-466D-4826-A86B-0BE7E66EEE72}.Debug|Any CPU.ActiveCfg = Debug|Any CPU
		{CBC56EB7-466D-4826-A86B-0BE7E66EEE72}.Debug|Any CPU.Build.0 = Debug|Any CPU
		{CBC56EB7-466D-4826-A86B-0BE7E66EEE72}.Release|Any CPU.ActiveCfg = Release|Any CPU
		{CBC56EB7-466D-4826-A86B-0BE7E66EEE72}.Release|Any CPU.Build.0 = Release|Any CPU
	EndGlobalSection
	GlobalSection(SolutionProperties) = preSolution
		HideSolutionNode = FALSE
	EndGlobalSection
	GlobalSection(ExtensibilityGlobals) = postSolution
		SolutionGuid = {494CE9B3-CB72-43B7-BF2F-9C58231D57AA}
	EndGlobalSection
EndGlobal
